// !$*UTF8*$!
{
	archiveVersion = 1;
	classes = {
	};
	objectVersion = 56;
	objects = {

/* Begin PBXBuildFile section */
		4B76F5C32A817B4F00D53CB9 /* StandingsTabItemView.swift in Sources */ = {isa = PBXBuildFile; fileRef = 4B76F5C22A817B4F00D53CB9 /* StandingsTabItemView.swift */; };
		4B76F5C52A8188A000D53CB9 /* TopScorersTableView.swift in Sources */ = {isa = PBXBuildFile; fileRef = 4B76F5C42A8188A000D53CB9 /* TopScorersTableView.swift */; };
		4B76F5C72A8188F300D53CB9 /* TopScorersTableObservable.swift in Sources */ = {isa = PBXBuildFile; fileRef = 4B76F5C62A8188F300D53CB9 /* TopScorersTableObservable.swift */; };
		4B7F82202A4F456500B6CFA0 /* RealityKitContent in Frameworks */ = {isa = PBXBuildFile; productRef = 4B7F821F2A4F456500B6CFA0 /* RealityKitContent */; };
		4B7F82222A4F456500B6CFA0 /* XCAFootballStatsApp.swift in Sources */ = {isa = PBXBuildFile; fileRef = 4B7F82212A4F456500B6CFA0 /* XCAFootballStatsApp.swift */; };
		4B7F82242A4F456500B6CFA0 /* ContentView.swift in Sources */ = {isa = PBXBuildFile; fileRef = 4B7F82232A4F456500B6CFA0 /* ContentView.swift */; };
		4B7F82262A4F456700B6CFA0 /* Assets.xcassets in Resources */ = {isa = PBXBuildFile; fileRef = 4B7F82252A4F456700B6CFA0 /* Assets.xcassets */; };
		4B7F82292A4F456700B6CFA0 /* Preview Assets.xcassets in Resources */ = {isa = PBXBuildFile; fileRef = 4B7F82282A4F456700B6CFA0 /* Preview Assets.xcassets */; };
		4B7F82312A4F4F0800B6CFA0 /* XCAFootballDataClient in Frameworks */ = {isa = PBXBuildFile; productRef = 4B7F82302A4F4F0800B6CFA0 /* XCAFootballDataClient */; };
		4B7F82342A4F4F4500B6CFA0 /* StandingsTableView.swift in Sources */ = {isa = PBXBuildFile; fileRef = 4B7F82332A4F4F4500B6CFA0 /* StandingsTableView.swift */; };
		4B7F82372A4F501400B6CFA0 /* StandingsTableObservable.swift in Sources */ = {isa = PBXBuildFile; fileRef = 4B7F82362A4F501400B6CFA0 /* StandingsTableObservable.swift */; };
		4B7F82392A4F50FE00B6CFA0 /* FetchPhase.swift in Sources */ = {isa = PBXBuildFile; fileRef = 4B7F82382A4F50FE00B6CFA0 /* FetchPhase.swift */; };
		4B7F823C2A4F564700B6CFA0 /* scorers.json in Resources */ = {isa = PBXBuildFile; fileRef = 4B7F823B2A4F564700B6CFA0 /* scorers.json */; };
		4B7F823E2A4F566D00B6CFA0 /* standings.json in Resources */ = {isa = PBXBuildFile; fileRef = 4B7F823D2A4F566D00B6CFA0 /* standings.json */; };
		4B7F82402A4F588B00B6CFA0 /* Utilities.swift in Sources */ = {isa = PBXBuildFile; fileRef = 4B7F823F2A4F588B00B6CFA0 /* Utilities.swift */; };
		4B8050BA2A82A5F4003D51BA /* TopScorersTabItemView.swift in Sources */ = {isa = PBXBuildFile; fileRef = 4B8050B92A82A5F4003D51BA /* TopScorersTabItemView.swift */; };
/* End PBXBuildFile section */

/* Begin PBXFileReference section */
		4B76F5C22A817B4F00D53CB9 /* StandingsTabItemView.swift */ = {isa = PBXFileReference; lastKnownFileType = sourcecode.swift; path = StandingsTabItemView.swift; sourceTree = "<group>"; };
		4B76F5C42A8188A000D53CB9 /* TopScorersTableView.swift */ = {isa = PBXFileReference; lastKnownFileType = sourcecode.swift; path = TopScorersTableView.swift; sourceTree = "<group>"; };
		4B76F5C62A8188F300D53CB9 /* TopScorersTableObservable.swift */ = {isa = PBXFileReference; lastKnownFileType = sourcecode.swift; path = TopScorersTableObservable.swift; sourceTree = "<group>"; };
		4B7F821A2A4F456500B6CFA0 /* XCAFootballStats.app */ = {isa = PBXFileReference; explicitFileType = wrapper.application; includeInIndex = 0; path = XCAFootballStats.app; sourceTree = BUILT_PRODUCTS_DIR; };
		4B7F821E2A4F456500B6CFA0 /* RealityKitContent */ = {isa = PBXFileReference; lastKnownFileType = wrapper; path = RealityKitContent; sourceTree = "<group>"; };
		4B7F82212A4F456500B6CFA0 /* XCAFootballStatsApp.swift */ = {isa = PBXFileReference; lastKnownFileType = sourcecode.swift; path = XCAFootballStatsApp.swift; sourceTree = "<group>"; };
		4B7F82232A4F456500B6CFA0 /* ContentView.swift */ = {isa = PBXFileReference; lastKnownFileType = sourcecode.swift; path = ContentView.swift; sourceTree = "<group>"; };
		4B7F82252A4F456700B6CFA0 /* Assets.xcassets */ = {isa = PBXFileReference; lastKnownFileType = folder.assetcatalog; path = Assets.xcassets; sourceTree = "<group>"; };
		4B7F82282A4F456700B6CFA0 /* Preview Assets.xcassets */ = {isa = PBXFileReference; lastKnownFileType = folder.assetcatalog; path = "Preview Assets.xcassets"; sourceTree = "<group>"; };
		4B7F82332A4F4F4500B6CFA0 /* StandingsTableView.swift */ = {isa = PBXFileReference; lastKnownFileType = sourcecode.swift; path = StandingsTableView.swift; sourceTree = "<group>"; };
		4B7F82362A4F501400B6CFA0 /* StandingsTableObservable.swift */ = {isa = PBXFileReference; lastKnownFileType = sourcecode.swift; path = StandingsTableObservable.swift; sourceTree = "<group>"; };
		4B7F82382A4F50FE00B6CFA0 /* FetchPhase.swift */ = {isa = PBXFileReference; lastKnownFileType = sourcecode.swift; path = FetchPhase.swift; sourceTree = "<group>"; };
		4B7F823B2A4F564700B6CFA0 /* scorers.json */ = {isa = PBXFileReference; lastKnownFileType = text.json; path = scorers.json; sourceTree = "<group>"; };
		4B7F823D2A4F566D00B6CFA0 /* standings.json */ = {isa = PBXFileReference; lastKnownFileType = text.json; path = standings.json; sourceTree = "<group>"; };
		4B7F823F2A4F588B00B6CFA0 /* Utilities.swift */ = {isa = PBXFileReference; lastKnownFileType = sourcecode.swift; path = Utilities.swift; sourceTree = "<group>"; };
		4B8050B92A82A5F4003D51BA /* TopScorersTabItemView.swift */ = {isa = PBXFileReference; lastKnownFileType = sourcecode.swift; path = TopScorersTabItemView.swift; sourceTree = "<group>"; };
/* End PBXFileReference section */

/* Begin PBXFrameworksBuildPhase section */
		4B7F82172A4F456500B6CFA0 /* Frameworks */ = {
			isa = PBXFrameworksBuildPhase;
			buildActionMask = 2147483647;
			files = (
				4B7F82202A4F456500B6CFA0 /* RealityKitContent in Frameworks */,
				4B7F82312A4F4F0800B6CFA0 /* XCAFootballDataClient in Frameworks */,
			);
			runOnlyForDeploymentPostprocessing = 0;
		};
/* End PBXFrameworksBuildPhase section */

/* Begin PBXGroup section */
		4B7F82112A4F456400B6CFA0 = {
			isa = PBXGroup;
			children = (
				4B7F821C2A4F456500B6CFA0 /* XCAFootballStats */,
				4B7F821D2A4F456500B6CFA0 /* Packages */,
				4B7F821B2A4F456500B6CFA0 /* Products */,
			);
			sourceTree = "<group>";
		};
		4B7F821B2A4F456500B6CFA0 /* Products */ = {
			isa = PBXGroup;
			children = (
				4B7F821A2A4F456500B6CFA0 /* XCAFootballStats.app */,
			);
			name = Products;
			sourceTree = "<group>";
		};
		4B7F821C2A4F456500B6CFA0 /* XCAFootballStats */ = {
			isa = PBXGroup;
			children = (
				4B7F823A2A4F561D00B6CFA0 /* Stubs */,
				4B7F82352A4F4FF100B6CFA0 /* Observables */,
				4B7F82322A4F4F2900B6CFA0 /* Views */,
				4B7F82212A4F456500B6CFA0 /* XCAFootballStatsApp.swift */,
				4B7F82232A4F456500B6CFA0 /* ContentView.swift */,
				4B7F82252A4F456700B6CFA0 /* Assets.xcassets */,
				4B7F82272A4F456700B6CFA0 /* Preview Content */,
				4B7F82382A4F50FE00B6CFA0 /* FetchPhase.swift */,
				4B7F823F2A4F588B00B6CFA0 /* Utilities.swift */,
			);
			path = XCAFootballStats;
			sourceTree = "<group>";
		};
		4B7F821D2A4F456500B6CFA0 /* Packages */ = {
			isa = PBXGroup;
			children = (
				4B7F821E2A4F456500B6CFA0 /* RealityKitContent */,
			);
			path = Packages;
			sourceTree = "<group>";
		};
		4B7F82272A4F456700B6CFA0 /* Preview Content */ = {
			isa = PBXGroup;
			children = (
				4B7F82282A4F456700B6CFA0 /* Preview Assets.xcassets */,
			);
			path = "Preview Content";
			sourceTree = "<group>";
		};
		4B7F82322A4F4F2900B6CFA0 /* Views */ = {
			isa = PBXGroup;
			children = (
				4B7F82332A4F4F4500B6CFA0 /* StandingsTableView.swift */,
				4B76F5C22A817B4F00D53CB9 /* StandingsTabItemView.swift */,
				4B76F5C42A8188A000D53CB9 /* TopScorersTableView.swift */,
				4B8050B92A82A5F4003D51BA /* TopScorersTabItemView.swift */,
			);
			path = Views;
			sourceTree = "<group>";
		};
		4B7F82352A4F4FF100B6CFA0 /* Observables */ = {
			isa = PBXGroup;
			children = (
				4B7F82362A4F501400B6CFA0 /* StandingsTableObservable.swift */,
				4B76F5C62A8188F300D53CB9 /* TopScorersTableObservable.swift */,
			);
			path = Observables;
			sourceTree = "<group>";
		};
		4B7F823A2A4F561D00B6CFA0 /* Stubs */ = {
			isa = PBXGroup;
			children = (
				4B7F823B2A4F564700B6CFA0 /* scorers.json */,
				4B7F823D2A4F566D00B6CFA0 /* standings.json */,
			);
			path = Stubs;
			sourceTree = "<group>";
		};
/* End PBXGroup section */

/* Begin PBXNativeTarget section */
		4B7F82192A4F456500B6CFA0 /* XCAFootballStats */ = {
			isa = PBXNativeTarget;
			buildConfigurationList = 4B7F822C2A4F456700B6CFA0 /* Build configuration list for PBXNativeTarget "XCAFootballStats" */;
			buildPhases = (
				4B7F82162A4F456500B6CFA0 /* Sources */,
				4B7F82172A4F456500B6CFA0 /* Frameworks */,
				4B7F82182A4F456500B6CFA0 /* Resources */,
			);
			buildRules = (
			);
			dependencies = (
			);
			name = XCAFootballStats;
			packageProductDependencies = (
				4B7F821F2A4F456500B6CFA0 /* RealityKitContent */,
				4B7F82302A4F4F0800B6CFA0 /* XCAFootballDataClient */,
			);
			productName = XCAFootballStats;
			productReference = 4B7F821A2A4F456500B6CFA0 /* XCAFootballStats.app */;
			productType = "com.apple.product-type.application";
		};
/* End PBXNativeTarget section */

/* Begin PBXProject section */
		4B7F82122A4F456500B6CFA0 /* Project object */ = {
			isa = PBXProject;
			attributes = {
				BuildIndependentTargetsInParallel = 1;
				LastSwiftUpdateCheck = 1500;
				LastUpgradeCheck = 1500;
				TargetAttributes = {
					4B7F82192A4F456500B6CFA0 = {
						CreatedOnToolsVersion = 15.0;
					};
				};
			};
			buildConfigurationList = 4B7F82152A4F456500B6CFA0 /* Build configuration list for PBXProject "XCAFootballStats" */;
			compatibilityVersion = "Xcode 14.0";
			developmentRegion = en;
			hasScannedForEncodings = 0;
			knownRegions = (
				en,
				Base,
			);
			mainGroup = 4B7F82112A4F456400B6CFA0;
			packageReferences = (
				4B7F822F2A4F4F0800B6CFA0 /* XCRemoteSwiftPackageReference "XCAFootballDataClient" */,
			);
			productRefGroup = 4B7F821B2A4F456500B6CFA0 /* Products */;
			projectDirPath = "";
			projectRoot = "";
			targets = (
				4B7F82192A4F456500B6CFA0 /* XCAFootballStats */,
			);
		};
/* End PBXProject section */

/* Begin PBXResourcesBuildPhase section */
		4B7F82182A4F456500B6CFA0 /* Resources */ = {
			isa = PBXResourcesBuildPhase;
			buildActionMask = 2147483647;
			files = (
				4B7F823C2A4F564700B6CFA0 /* scorers.json in Resources */,
				4B7F823E2A4F566D00B6CFA0 /* standings.json in Resources */,
				4B7F82292A4F456700B6CFA0 /* Preview Assets.xcassets in Resources */,
				4B7F82262A4F456700B6CFA0 /* Assets.xcassets in Resources */,
			);
			runOnlyForDeploymentPostprocessing = 0;
		};
/* End PBXResourcesBuildPhase section */

/* Begin PBXSourcesBuildPhase section */
		4B7F82162A4F456500B6CFA0 /* Sources */ = {
			isa = PBXSourcesBuildPhase;
			buildActionMask = 2147483647;
			files = (
				4B7F82392A4F50FE00B6CFA0 /* FetchPhase.swift in Sources */,
				4B8050BA2A82A5F4003D51BA /* TopScorersTabItemView.swift in Sources */,
				4B76F5C32A817B4F00D53CB9 /* StandingsTabItemView.swift in Sources */,
				4B7F82342A4F4F4500B6CFA0 /* StandingsTableView.swift in Sources */,
				4B76F5C52A8188A000D53CB9 /* TopScorersTableView.swift in Sources */,
				4B7F82402A4F588B00B6CFA0 /* Utilities.swift in Sources */,
				4B76F5C72A8188F300D53CB9 /* TopScorersTableObservable.swift in Sources */,
				4B7F82372A4F501400B6CFA0 /* StandingsTableObservable.swift in Sources */,
				4B7F82242A4F456500B6CFA0 /* ContentView.swift in Sources */,
				4B7F82222A4F456500B6CFA0 /* XCAFootballStatsApp.swift in Sources */,
			);
			runOnlyForDeploymentPostprocessing = 0;
		};
/* End PBXSourcesBuildPhase section */

/* Begin XCBuildConfiguration section */
		4B7F822A2A4F456700B6CFA0 /* Debug */ = {
			isa = XCBuildConfiguration;
			buildSettings = {
				ALWAYS_SEARCH_USER_PATHS = NO;
				ASSETCATALOG_COMPILER_GENERATE_SWIFT_ASSET_SYMBOL_EXTENSIONS = YES;
				CLANG_ANALYZER_NONNULL = YES;
				CLANG_ANALYZER_NUMBER_OBJECT_CONVERSION = YES_AGGRESSIVE;
				CLANG_CXX_LANGUAGE_STANDARD = "gnu++20";
				CLANG_ENABLE_MODULES = YES;
				CLANG_ENABLE_OBJC_ARC = YES;
				CLANG_ENABLE_OBJC_WEAK = YES;
				CLANG_WARN_BLOCK_CAPTURE_AUTORELEASING = YES;
				CLANG_WARN_BOOL_CONVERSION = YES;
				CLANG_WARN_COMMA = YES;
				CLANG_WARN_CONSTANT_CONVERSION = YES;
				CLANG_WARN_DEPRECATED_OBJC_IMPLEMENTATIONS = YES;
				CLANG_WARN_DIRECT_OBJC_ISA_USAGE = YES_ERROR;
				CLANG_WARN_DOCUMENTATION_COMMENTS = YES;
				CLANG_WARN_EMPTY_BODY = YES;
				CLANG_WARN_ENUM_CONVERSION = YES;
				CLANG_WARN_INFINITE_RECURSION = YES;
				CLANG_WARN_INT_CONVERSION = YES;
				CLANG_WARN_NON_LITERAL_NULL_CONVERSION = YES;
				CLANG_WARN_OBJC_IMPLICIT_RETAIN_SELF = YES;
				CLANG_WARN_OBJC_LITERAL_CONVERSION = YES;
				CLANG_WARN_OBJC_ROOT_CLASS = YES_ERROR;
				CLANG_WARN_QUOTED_INCLUDE_IN_FRAMEWORK_HEADER = YES;
				CLANG_WARN_RANGE_LOOP_ANALYSIS = YES;
				CLANG_WARN_STRICT_PROTOTYPES = YES;
				CLANG_WARN_SUSPICIOUS_MOVE = YES;
				CLANG_WARN_UNGUARDED_AVAILABILITY = YES_AGGRESSIVE;
				CLANG_WARN_UNREACHABLE_CODE = YES;
				CLANG_WARN__DUPLICATE_METHOD_MATCH = YES;
				COPY_PHASE_STRIP = NO;
				DEBUG_INFORMATION_FORMAT = dwarf;
				ENABLE_STRICT_OBJC_MSGSEND = YES;
				ENABLE_TESTABILITY = YES;
				ENABLE_USER_SCRIPT_SANDBOXING = YES;
				GCC_C_LANGUAGE_STANDARD = gnu17;
				GCC_DYNAMIC_NO_PIC = NO;
				GCC_NO_COMMON_BLOCKS = YES;
				GCC_OPTIMIZATION_LEVEL = 0;
				GCC_PREPROCESSOR_DEFINITIONS = (
					"DEBUG=1",
					"$(inherited)",
				);
				GCC_WARN_64_TO_32_BIT_CONVERSION = YES;
				GCC_WARN_ABOUT_RETURN_TYPE = YES_ERROR;
				GCC_WARN_UNDECLARED_SELECTOR = YES;
				GCC_WARN_UNINITIALIZED_AUTOS = YES_AGGRESSIVE;
				GCC_WARN_UNUSED_FUNCTION = YES;
				GCC_WARN_UNUSED_VARIABLE = YES;
				LOCALIZATION_PREFERS_STRING_CATALOGS = YES;
				MTL_ENABLE_DEBUG_INFO = INCLUDE_SOURCE;
				MTL_FAST_MATH = YES;
				ONLY_ACTIVE_ARCH = YES;
				SDKROOT = xros;
				SWIFT_ACTIVE_COMPILATION_CONDITIONS = "DEBUG $(inherited)";
				SWIFT_OPTIMIZATION_LEVEL = "-Onone";
				XROS_DEPLOYMENT_TARGET = 1.0;
			};
			name = Debug;
		};
		4B7F822B2A4F456700B6CFA0 /* Release */ = {
			isa = XCBuildConfiguration;
			buildSettings = {
				ALWAYS_SEARCH_USER_PATHS = NO;
				ASSETCATALOG_COMPILER_GENERATE_SWIFT_ASSET_SYMBOL_EXTENSIONS = YES;
				CLANG_ANALYZER_NONNULL = YES;
				CLANG_ANALYZER_NUMBER_OBJECT_CONVERSION = YES_AGGRESSIVE;
				CLANG_CXX_LANGUAGE_STANDARD = "gnu++20";
				CLANG_ENABLE_MODULES = YES;
				CLANG_ENABLE_OBJC_ARC = YES;
				CLANG_ENABLE_OBJC_WEAK = YES;
				CLANG_WARN_BLOCK_CAPTURE_AUTORELEASING = YES;
				CLANG_WARN_BOOL_CONVERSION = YES;
				CLANG_WARN_COMMA = YES;
				CLANG_WARN_CONSTANT_CONVERSION = YES;
				CLANG_WARN_DEPRECATED_OBJC_IMPLEMENTATIONS = YES;
				CLANG_WARN_DIRECT_OBJC_ISA_USAGE = YES_ERROR;
				CLANG_WARN_DOCUMENTATION_COMMENTS = YES;
				CLANG_WARN_EMPTY_BODY = YES;
				CLANG_WARN_ENUM_CONVERSION = YES;
				CLANG_WARN_INFINITE_RECURSION = YES;
				CLANG_WARN_INT_CONVERSION = YES;
				CLANG_WARN_NON_LITERAL_NULL_CONVERSION = YES;
				CLANG_WARN_OBJC_IMPLICIT_RETAIN_SELF = YES;
				CLANG_WARN_OBJC_LITERAL_CONVERSION = YES;
				CLANG_WARN_OBJC_ROOT_CLASS = YES_ERROR;
				CLANG_WARN_QUOTED_INCLUDE_IN_FRAMEWORK_HEADER = YES;
				CLANG_WARN_RANGE_LOOP_ANALYSIS = YES;
				CLANG_WARN_STRICT_PROTOTYPES = YES;
				CLANG_WARN_SUSPICIOUS_MOVE = YES;
				CLANG_WARN_UNGUARDED_AVAILABILITY = YES_AGGRESSIVE;
				CLANG_WARN_UNREACHABLE_CODE = YES;
				CLANG_WARN__DUPLICATE_METHOD_MATCH = YES;
				COPY_PHASE_STRIP = NO;
				DEBUG_INFORMATION_FORMAT = "dwarf-with-dsym";
				ENABLE_NS_ASSERTIONS = NO;
				ENABLE_STRICT_OBJC_MSGSEND = YES;
				ENABLE_USER_SCRIPT_SANDBOXING = YES;
				GCC_C_LANGUAGE_STANDARD = gnu17;
				GCC_NO_COMMON_BLOCKS = YES;
				GCC_WARN_64_TO_32_BIT_CONVERSION = YES;
				GCC_WARN_ABOUT_RETURN_TYPE = YES_ERROR;
				GCC_WARN_UNDECLARED_SELECTOR = YES;
				GCC_WARN_UNINITIALIZED_AUTOS = YES_AGGRESSIVE;
				GCC_WARN_UNUSED_FUNCTION = YES;
				GCC_WARN_UNUSED_VARIABLE = YES;
				LOCALIZATION_PREFERS_STRING_CATALOGS = YES;
				MTL_ENABLE_DEBUG_INFO = NO;
				MTL_FAST_MATH = YES;
				SDKROOT = xros;
				SWIFT_COMPILATION_MODE = wholemodule;
				VALIDATE_PRODUCT = YES;
				XROS_DEPLOYMENT_TARGET = 1.0;
			};
			name = Release;
		};
		4B7F822D2A4F456700B6CFA0 /* Debug */ = {
			isa = XCBuildConfiguration;
			buildSettings = {
				ASSETCATALOG_COMPILER_APPICON_NAME = AppIcon;
				ASSETCATALOG_COMPILER_GLOBAL_ACCENT_COLOR_NAME = AccentColor;
				CODE_SIGN_STYLE = Automatic;
				CURRENT_PROJECT_VERSION = 1;
				DEVELOPMENT_ASSET_PATHS = "\"XCAFootballStats/Preview Content\"";
				DEVELOPMENT_TEAM = 3RQAYNAD56;
				ENABLE_PREVIEWS = YES;
				GENERATE_INFOPLIST_FILE = YES;
				INFOPLIST_KEY_UIApplicationSceneManifest_Generation = YES;
				LD_RUNPATH_SEARCH_PATHS = (
					"$(inherited)",
					"@executable_path/Frameworks",
				);
				MARKETING_VERSION = 1.0;
				PRODUCT_BUNDLE_IDENTIFIER = com.bsc.XCAFootballStats;
				PRODUCT_NAME = "$(TARGET_NAME)";
				SUPPORTED_PLATFORMS = "xros xrsimulator";
				SWIFT_EMIT_LOC_STRINGS = YES;
				SWIFT_VERSION = 5.0;
				TARGETED_DEVICE_FAMILY = "1,2,7";
			};
			name = Debug;
		};
		4B7F822E2A4F456700B6CFA0 /* Release */ = {
			isa = XCBuildConfiguration;
			buildSettings = {
				ASSETCATALOG_COMPILER_APPICON_NAME = AppIcon;
				ASSETCATALOG_COMPILER_GLOBAL_ACCENT_COLOR_NAME = AccentColor;
				CODE_SIGN_STYLE = Automatic;
				CURRENT_PROJECT_VERSION = 1;
				DEVELOPMENT_ASSET_PATHS = "\"XCAFootballStats/Preview Content\"";
				DEVELOPMENT_TEAM = 3RQAYNAD56;
				ENABLE_PREVIEWS = YES;
				GENERATE_INFOPLIST_FILE = YES;
				INFOPLIST_KEY_UIApplicationSceneManifest_Generation = YES;
				LD_RUNPATH_SEARCH_PATHS = (
					"$(inherited)",
					"@executable_path/Frameworks",
				);
				MARKETING_VERSION = 1.0;
				PRODUCT_BUNDLE_IDENTIFIER = com.bsc.XCAFootballStats;
				PRODUCT_NAME = "$(TARGET_NAME)";
				SUPPORTED_PLATFORMS = "xros xrsimulator";
				SWIFT_EMIT_LOC_STRINGS = YES;
				SWIFT_VERSION = 5.0;
				TARGETED_DEVICE_FAMILY = "1,2,7";
			};
			name = Release;
		};
/* End XCBuildConfiguration section */

/* Begin XCConfigurationList section */
		4B7F82152A4F456500B6CFA0 /* Build configuration list for PBXProject "XCAFootballStats" */ = {
			isa = XCConfigurationList;
			buildConfigurations = (
				4B7F822A2A4F456700B6CFA0 /* Debug */,
				4B7F822B2A4F456700B6CFA0 /* Release */,
			);
			defaultConfigurationIsVisible = 0;
			defaultConfigurationName = Release;
		};
		4B7F822C2A4F456700B6CFA0 /* Build configuration list for PBXNativeTarget "XCAFootballStats" */ = {
			isa = XCConfigurationList;
			buildConfigurations = (
				4B7F822D2A4F456700B6CFA0 /* Debug */,
				4B7F822E2A4F456700B6CFA0 /* Release */,
			);
			defaultConfigurationIsVisible = 0;
			defaultConfigurationName = Release;
		};
/* End XCConfigurationList section */

/* Begin XCRemoteSwiftPackageReference section */
		4B7F822F2A4F4F0800B6CFA0 /* XCRemoteSwiftPackageReference "XCAFootballDataClient" */ = {
			isa = XCRemoteSwiftPackageReference;
			repositoryURL = "https://github.com/brsaca/XCAFootballDataClient";
			requirement = {
				branch = main;
				kind = branch;
			};
		};
/* End XCRemoteSwiftPackageReference section */

/* Begin XCSwiftPackageProductDependency section */
		4B7F821F2A4F456500B6CFA0 /* RealityKitContent */ = {
			isa = XCSwiftPackageProductDependency;
			productName = RealityKitContent;
		};
		4B7F82302A4F4F0800B6CFA0 /* XCAFootballDataClient */ = {
			isa = XCSwiftPackageProductDependency;
			package = 4B7F822F2A4F4F0800B6CFA0 /* XCRemoteSwiftPackageReference "XCAFootballDataClient" */;
			productName = XCAFootballDataClient;
		};
/* End XCSwiftPackageProductDependency section */
	};
	rootObject = 4B7F82122A4F456500B6CFA0 /* Project object */;
}
